{
  "name": "greet-with-uppercase-demo",
  "version": "1.0.0",
  "lockfileVersion": 3,
  "requires": true,
  "packages": {
    "": {
      "name": "greet-with-uppercase-demo",
      "version": "1.0.0",
      "dependencies": {
        "greet-with-uppercase": "^1.0.7"
      }
    },
    "node_modules/greet-with-uppercase": {
      "version": "1.0.7",
      "resolved": "https://registry.npmjs.org/greet-with-uppercase/-/greet-with-uppercase-1.0.7.tgz",
      "integrity": "sha512-0DiD8PYbfFtgNoiJMSINSMfVdrfDeWVhhQ/G+5Es38x22BwK41lUbX7ST50NPQ2wA5ncOLRymhoZd8ujinRF6g==",
      "dependencies": {
        "upper-case": "^3.0.0"
      }
    },
    "node_modules/upper-case": {
      "version": "3.0.0",
      "resolved": "https://registry.npmjs.org/upper-case/-/upper-case-3.0.0.tgz",
      "integrity": "sha512-q6ZAk+RaBO94GGFpdM6GJ2pOXx6Ky/BK9xluGUqMYvY6qZjFN7RPbzqcd+OBru8tRFlcLcS40AIrIq48VhcTIA==",
      "deprecated": "Use `str.toLocaleUpperCase` or `str.toUpperCase`"
    }
  }
}
